
Microsoft Visual Studio Solution File, Format Version 12.00
# Visual Studio Version 17
VisualStudioVersion = 17.6.33723.286
MinimumVisualStudioVersion = 10.0.40219.1
Project("{FAE04EC0-301F-11D3-BF4B-00C04F79EFBC}") = "Miss yusra Project( OOP )", "Miss yusra Project( OOP ).csproj", "{60F750A9-6111-45D7-AD04-2EDBA05C3D40}"
EndProject
Global
	GlobalSection(SolutionConfigurationPlatforms) = preSolution
		Debug|Any CPU = Debug|Any CPU
		Release|Any CPU = Release|Any CPU
	EndGlobalSection
	GlobalSection(ProjectConfigurationPlatforms) = postSolution
		{60F750A9-6111-45D7-AD04-2EDBA05C3D40}.Debug|Any CPU.ActiveCfg = Debug|Any CPU
		{60F750A9-6111-45D7-AD04-2EDBA05C3D40}.Debug|Any CPU.Build.0 = Debug|Any CPU
		{60F750A9-6111-45D7-AD04-2EDBA05C3D40}.Release|Any CPU.ActiveCfg = Release|Any CPU
		{60F750A9-6111-45D7-AD04-2EDBA05C3D40}.Release|Any CPU.Build.0 = Release|Any CPU
	EndGlobalSection
	GlobalSection(SolutionProperties) = preSolution
		HideSolutionNode = FALSE
	EndGlobalSection
	GlobalSection(ExtensibilityGlobals) = postSolution
		SolutionGuid = {F9F3D37F-1E0D-42F6-AFDC-828B4341F4EF}
	EndGlobalSection
EndGlobal
